
Microsoft Visual Studio Solution File, Format Version 12.00
# Visual Studio 14
VisualStudioVersion = 14.0.25420.1
MinimumVisualStudioVersion = 10.0.40219.1
Project("{FAE04EC0-301F-11D3-BF4B-00C04F79EFBC}") = "Connection", "Connection\Connection.csproj", "{FE7A23F6-2E26-4459-9BFE-840A272AEC67}"
EndProject
Project("{FAE04EC0-301F-11D3-BF4B-00C04F79EFBC}") = "ClientProyect", "ClientProyect\ClientProyect.csproj", "{8552AA93-F3EA-4DDF-88BF-2CF0B7945378}"
EndProject
Project("{FAE04EC0-301F-11D3-BF4B-00C04F79EFBC}") = "ServerProyect", "ServerProyect\ServerProyect.csproj", "{F73EBF7F-00F9-4872-95CE-E9F5C4BCA8EF}"
EndProject
Project("{FAE04EC0-301F-11D3-BF4B-00C04F79EFBC}") = "Domain", "Domain\Domain.csproj", "{785117CE-B21A-42F3-B7FC-7D56ED23B15C}"
EndProject
Global
	GlobalSection(SolutionConfigurationPlatforms) = preSolution
		Debug|Any CPU = Debug|Any CPU
		Release|Any CPU = Release|Any CPU
	EndGlobalSection
	GlobalSection(ProjectConfigurationPlatforms) = postSolution
		{FE7A23F6-2E26-4459-9BFE-840A272AEC67}.Debug|Any CPU.ActiveCfg = Debug|Any CPU
		{FE7A23F6-2E26-4459-9BFE-840A272AEC67}.Debug|Any CPU.Build.0 = Debug|Any CPU
		{FE7A23F6-2E26-4459-9BFE-840A272AEC67}.Release|Any CPU.ActiveCfg = Release|Any CPU
		{FE7A23F6-2E26-4459-9BFE-840A272AEC67}.Release|Any CPU.Build.0 = Release|Any CPU
		{8552AA93-F3EA-4DDF-88BF-2CF0B7945378}.Debug|Any CPU.ActiveCfg = Debug|Any CPU
		{8552AA93-F3EA-4DDF-88BF-2CF0B7945378}.Debug|Any CPU.Build.0 = Debug|Any CPU
		{8552AA93-F3EA-4DDF-88BF-2CF0B7945378}.Release|Any CPU.ActiveCfg = Release|Any CPU
		{8552AA93-F3EA-4DDF-88BF-2CF0B7945378}.Release|Any CPU.Build.0 = Release|Any CPU
		{F73EBF7F-00F9-4872-95CE-E9F5C4BCA8EF}.Debug|Any CPU.ActiveCfg = Debug|Any CPU
		{F73EBF7F-00F9-4872-95CE-E9F5C4BCA8EF}.Debug|Any CPU.Build.0 = Debug|Any CPU
		{F73EBF7F-00F9-4872-95CE-E9F5C4BCA8EF}.Release|Any CPU.ActiveCfg = Release|Any CPU
		{F73EBF7F-00F9-4872-95CE-E9F5C4BCA8EF}.Release|Any CPU.Build.0 = Release|Any CPU
		{785117CE-B21A-42F3-B7FC-7D56ED23B15C}.Debug|Any CPU.ActiveCfg = Debug|Any CPU
		{785117CE-B21A-42F3-B7FC-7D56ED23B15C}.Debug|Any CPU.Build.0 = Debug|Any CPU
		{785117CE-B21A-42F3-B7FC-7D56ED23B15C}.Release|Any CPU.ActiveCfg = Release|Any CPU
		{785117CE-B21A-42F3-B7FC-7D56ED23B15C}.Release|Any CPU.Build.0 = Release|Any CPU
	EndGlobalSection
	GlobalSection(SolutionProperties) = preSolution
		HideSolutionNode = FALSE
	EndGlobalSection
	GlobalSection(ExtensibilityGlobals) = postSolution
		SolutionGuid = {4599B9E7-557E-42B5-9B90-AAA22DD49E27}
	EndGlobalSection
EndGlobal
