
Microsoft Visual Studio Solution File, Format Version 12.00
# Visual Studio 15
VisualStudioVersion = 15.0.27004.2008
MinimumVisualStudioVersion = 10.0.40219.1
Project("{FAE04EC0-301F-11D3-BF4B-00C04F79EFBC}") = "Connection", "Connection\Connection.csproj", "{FE7A23F6-2E26-4459-9BFE-840A272AEC67}"
EndProject
Project("{FAE04EC0-301F-11D3-BF4B-00C04F79EFBC}") = "ClientProyect", "ClientProyect\ClientProyect.csproj", "{8552AA93-F3EA-4DDF-88BF-2CF0B7945378}"
EndProject
Project("{FAE04EC0-301F-11D3-BF4B-00C04F79EFBC}") = "ServerProyect", "ServerProyect\ServerProyect.csproj", "{F73EBF7F-00F9-4872-95CE-E9F5C4BCA8EF}"
EndProject
Project("{FAE04EC0-301F-11D3-BF4B-00C04F79EFBC}") = "Domain", "Domain\Domain.csproj", "{785117CE-B21A-42F3-B7FC-7D56ED23B15C}"
EndProject
Project("{FAE04EC0-301F-11D3-BF4B-00C04F79EFBC}") = "Log", "ConsoleApp1\Log.csproj", "{98EFC39A-5B46-420A-8F85-4AB19A933218}"
EndProject
Project("{FAE04EC0-301F-11D3-BF4B-00C04F79EFBC}") = "WCFLibrary", "WCFLibrary\WCFLibrary.csproj", "{DD8FEE02-3169-4192-B7AA-22E59EAE575C}"
EndProject
Global
	GlobalSection(SolutionConfigurationPlatforms) = preSolution
		Debug|Any CPU = Debug|Any CPU
		Debug|ARM = Debug|ARM
		Debug|x64 = Debug|x64
		Debug|x86 = Debug|x86
		Release|Any CPU = Release|Any CPU
		Release|ARM = Release|ARM
		Release|x64 = Release|x64
		Release|x86 = Release|x86
	EndGlobalSection
	GlobalSection(ProjectConfigurationPlatforms) = postSolution
		{FE7A23F6-2E26-4459-9BFE-840A272AEC67}.Debug|Any CPU.ActiveCfg = Debug|Any CPU
		{FE7A23F6-2E26-4459-9BFE-840A272AEC67}.Debug|Any CPU.Build.0 = Debug|Any CPU
		{FE7A23F6-2E26-4459-9BFE-840A272AEC67}.Debug|ARM.ActiveCfg = Debug|Any CPU
		{FE7A23F6-2E26-4459-9BFE-840A272AEC67}.Debug|ARM.Build.0 = Debug|Any CPU
		{FE7A23F6-2E26-4459-9BFE-840A272AEC67}.Debug|x64.ActiveCfg = Debug|Any CPU
		{FE7A23F6-2E26-4459-9BFE-840A272AEC67}.Debug|x64.Build.0 = Debug|Any CPU
		{FE7A23F6-2E26-4459-9BFE-840A272AEC67}.Debug|x86.ActiveCfg = Debug|Any CPU
		{FE7A23F6-2E26-4459-9BFE-840A272AEC67}.Debug|x86.Build.0 = Debug|Any CPU
		{FE7A23F6-2E26-4459-9BFE-840A272AEC67}.Release|Any CPU.ActiveCfg = Release|Any CPU
		{FE7A23F6-2E26-4459-9BFE-840A272AEC67}.Release|Any CPU.Build.0 = Release|Any CPU
		{FE7A23F6-2E26-4459-9BFE-840A272AEC67}.Release|ARM.ActiveCfg = Release|Any CPU
		{FE7A23F6-2E26-4459-9BFE-840A272AEC67}.Release|ARM.Build.0 = Release|Any CPU
		{FE7A23F6-2E26-4459-9BFE-840A272AEC67}.Release|x64.ActiveCfg = Release|Any CPU
		{FE7A23F6-2E26-4459-9BFE-840A272AEC67}.Release|x64.Build.0 = Release|Any CPU
		{FE7A23F6-2E26-4459-9BFE-840A272AEC67}.Release|x86.ActiveCfg = Release|Any CPU
		{FE7A23F6-2E26-4459-9BFE-840A272AEC67}.Release|x86.Build.0 = Release|Any CPU
		{8552AA93-F3EA-4DDF-88BF-2CF0B7945378}.Debug|Any CPU.ActiveCfg = Debug|Any CPU
		{8552AA93-F3EA-4DDF-88BF-2CF0B7945378}.Debug|Any CPU.Build.0 = Debug|Any CPU
		{8552AA93-F3EA-4DDF-88BF-2CF0B7945378}.Debug|ARM.ActiveCfg = Debug|Any CPU
		{8552AA93-F3EA-4DDF-88BF-2CF0B7945378}.Debug|ARM.Build.0 = Debug|Any CPU
		{8552AA93-F3EA-4DDF-88BF-2CF0B7945378}.Debug|x64.ActiveCfg = Debug|Any CPU
		{8552AA93-F3EA-4DDF-88BF-2CF0B7945378}.Debug|x64.Build.0 = Debug|Any CPU
		{8552AA93-F3EA-4DDF-88BF-2CF0B7945378}.Debug|x86.ActiveCfg = Debug|Any CPU
		{8552AA93-F3EA-4DDF-88BF-2CF0B7945378}.Debug|x86.Build.0 = Debug|Any CPU
		{8552AA93-F3EA-4DDF-88BF-2CF0B7945378}.Release|Any CPU.ActiveCfg = Release|Any CPU
		{8552AA93-F3EA-4DDF-88BF-2CF0B7945378}.Release|Any CPU.Build.0 = Release|Any CPU
		{8552AA93-F3EA-4DDF-88BF-2CF0B7945378}.Release|ARM.ActiveCfg = Release|Any CPU
		{8552AA93-F3EA-4DDF-88BF-2CF0B7945378}.Release|ARM.Build.0 = Release|Any CPU
		{8552AA93-F3EA-4DDF-88BF-2CF0B7945378}.Release|x64.ActiveCfg = Release|Any CPU
		{8552AA93-F3EA-4DDF-88BF-2CF0B7945378}.Release|x64.Build.0 = Release|Any CPU
		{8552AA93-F3EA-4DDF-88BF-2CF0B7945378}.Release|x86.ActiveCfg = Release|Any CPU
		{8552AA93-F3EA-4DDF-88BF-2CF0B7945378}.Release|x86.Build.0 = Release|Any CPU
		{F73EBF7F-00F9-4872-95CE-E9F5C4BCA8EF}.Debug|Any CPU.ActiveCfg = Debug|Any CPU
		{F73EBF7F-00F9-4872-95CE-E9F5C4BCA8EF}.Debug|Any CPU.Build.0 = Debug|Any CPU
		{F73EBF7F-00F9-4872-95CE-E9F5C4BCA8EF}.Debug|ARM.ActiveCfg = Debug|Any CPU
		{F73EBF7F-00F9-4872-95CE-E9F5C4BCA8EF}.Debug|ARM.Build.0 = Debug|Any CPU
		{F73EBF7F-00F9-4872-95CE-E9F5C4BCA8EF}.Debug|x64.ActiveCfg = Debug|Any CPU
		{F73EBF7F-00F9-4872-95CE-E9F5C4BCA8EF}.Debug|x64.Build.0 = Debug|Any CPU
		{F73EBF7F-00F9-4872-95CE-E9F5C4BCA8EF}.Debug|x86.ActiveCfg = Debug|Any CPU
		{F73EBF7F-00F9-4872-95CE-E9F5C4BCA8EF}.Debug|x86.Build.0 = Debug|Any CPU
		{F73EBF7F-00F9-4872-95CE-E9F5C4BCA8EF}.Release|Any CPU.ActiveCfg = Release|Any CPU
		{F73EBF7F-00F9-4872-95CE-E9F5C4BCA8EF}.Release|Any CPU.Build.0 = Release|Any CPU
		{F73EBF7F-00F9-4872-95CE-E9F5C4BCA8EF}.Release|ARM.ActiveCfg = Release|Any CPU
		{F73EBF7F-00F9-4872-95CE-E9F5C4BCA8EF}.Release|ARM.Build.0 = Release|Any CPU
		{F73EBF7F-00F9-4872-95CE-E9F5C4BCA8EF}.Release|x64.ActiveCfg = Release|Any CPU
		{F73EBF7F-00F9-4872-95CE-E9F5C4BCA8EF}.Release|x64.Build.0 = Release|Any CPU
		{F73EBF7F-00F9-4872-95CE-E9F5C4BCA8EF}.Release|x86.ActiveCfg = Release|Any CPU
		{F73EBF7F-00F9-4872-95CE-E9F5C4BCA8EF}.Release|x86.Build.0 = Release|Any CPU
		{785117CE-B21A-42F3-B7FC-7D56ED23B15C}.Debug|Any CPU.ActiveCfg = Debug|Any CPU
		{785117CE-B21A-42F3-B7FC-7D56ED23B15C}.Debug|Any CPU.Build.0 = Debug|Any CPU
		{785117CE-B21A-42F3-B7FC-7D56ED23B15C}.Debug|ARM.ActiveCfg = Debug|Any CPU
		{785117CE-B21A-42F3-B7FC-7D56ED23B15C}.Debug|ARM.Build.0 = Debug|Any CPU
		{785117CE-B21A-42F3-B7FC-7D56ED23B15C}.Debug|x64.ActiveCfg = Debug|Any CPU
		{785117CE-B21A-42F3-B7FC-7D56ED23B15C}.Debug|x64.Build.0 = Debug|Any CPU
		{785117CE-B21A-42F3-B7FC-7D56ED23B15C}.Debug|x86.ActiveCfg = Debug|Any CPU
		{785117CE-B21A-42F3-B7FC-7D56ED23B15C}.Debug|x86.Build.0 = Debug|Any CPU
		{785117CE-B21A-42F3-B7FC-7D56ED23B15C}.Release|Any CPU.ActiveCfg = Release|Any CPU
		{785117CE-B21A-42F3-B7FC-7D56ED23B15C}.Release|Any CPU.Build.0 = Release|Any CPU
		{785117CE-B21A-42F3-B7FC-7D56ED23B15C}.Release|ARM.ActiveCfg = Release|Any CPU
		{785117CE-B21A-42F3-B7FC-7D56ED23B15C}.Release|ARM.Build.0 = Release|Any CPU
		{785117CE-B21A-42F3-B7FC-7D56ED23B15C}.Release|x64.ActiveCfg = Release|Any CPU
		{785117CE-B21A-42F3-B7FC-7D56ED23B15C}.Release|x64.Build.0 = Release|Any CPU
		{785117CE-B21A-42F3-B7FC-7D56ED23B15C}.Release|x86.ActiveCfg = Release|Any CPU
		{785117CE-B21A-42F3-B7FC-7D56ED23B15C}.Release|x86.Build.0 = Release|Any CPU
		{98EFC39A-5B46-420A-8F85-4AB19A933218}.Debug|Any CPU.ActiveCfg = Debug|Any CPU
		{98EFC39A-5B46-420A-8F85-4AB19A933218}.Debug|Any CPU.Build.0 = Debug|Any CPU
		{98EFC39A-5B46-420A-8F85-4AB19A933218}.Debug|ARM.ActiveCfg = Debug|Any CPU
		{98EFC39A-5B46-420A-8F85-4AB19A933218}.Debug|ARM.Build.0 = Debug|Any CPU
		{98EFC39A-5B46-420A-8F85-4AB19A933218}.Debug|x64.ActiveCfg = Debug|Any CPU
		{98EFC39A-5B46-420A-8F85-4AB19A933218}.Debug|x64.Build.0 = Debug|Any CPU
		{98EFC39A-5B46-420A-8F85-4AB19A933218}.Debug|x86.ActiveCfg = Debug|Any CPU
		{98EFC39A-5B46-420A-8F85-4AB19A933218}.Debug|x86.Build.0 = Debug|Any CPU
		{98EFC39A-5B46-420A-8F85-4AB19A933218}.Release|Any CPU.ActiveCfg = Release|Any CPU
		{98EFC39A-5B46-420A-8F85-4AB19A933218}.Release|Any CPU.Build.0 = Release|Any CPU
		{98EFC39A-5B46-420A-8F85-4AB19A933218}.Release|ARM.ActiveCfg = Release|Any CPU
		{98EFC39A-5B46-420A-8F85-4AB19A933218}.Release|ARM.Build.0 = Release|Any CPU
		{98EFC39A-5B46-420A-8F85-4AB19A933218}.Release|x64.ActiveCfg = Release|Any CPU
		{98EFC39A-5B46-420A-8F85-4AB19A933218}.Release|x64.Build.0 = Release|Any CPU
		{98EFC39A-5B46-420A-8F85-4AB19A933218}.Release|x86.ActiveCfg = Release|Any CPU
		{98EFC39A-5B46-420A-8F85-4AB19A933218}.Release|x86.Build.0 = Release|Any CPU
		{DD8FEE02-3169-4192-B7AA-22E59EAE575C}.Debug|Any CPU.ActiveCfg = Debug|Any CPU
		{DD8FEE02-3169-4192-B7AA-22E59EAE575C}.Debug|Any CPU.Build.0 = Debug|Any CPU
		{DD8FEE02-3169-4192-B7AA-22E59EAE575C}.Debug|ARM.ActiveCfg = Debug|Any CPU
		{DD8FEE02-3169-4192-B7AA-22E59EAE575C}.Debug|ARM.Build.0 = Debug|Any CPU
		{DD8FEE02-3169-4192-B7AA-22E59EAE575C}.Debug|x64.ActiveCfg = Debug|Any CPU
		{DD8FEE02-3169-4192-B7AA-22E59EAE575C}.Debug|x64.Build.0 = Debug|Any CPU
		{DD8FEE02-3169-4192-B7AA-22E59EAE575C}.Debug|x86.ActiveCfg = Debug|Any CPU
		{DD8FEE02-3169-4192-B7AA-22E59EAE575C}.Debug|x86.Build.0 = Debug|Any CPU
		{DD8FEE02-3169-4192-B7AA-22E59EAE575C}.Release|Any CPU.ActiveCfg = Release|Any CPU
		{DD8FEE02-3169-4192-B7AA-22E59EAE575C}.Release|Any CPU.Build.0 = Release|Any CPU
		{DD8FEE02-3169-4192-B7AA-22E59EAE575C}.Release|ARM.ActiveCfg = Release|Any CPU
		{DD8FEE02-3169-4192-B7AA-22E59EAE575C}.Release|ARM.Build.0 = Release|Any CPU
		{DD8FEE02-3169-4192-B7AA-22E59EAE575C}.Release|x64.ActiveCfg = Release|Any CPU
		{DD8FEE02-3169-4192-B7AA-22E59EAE575C}.Release|x64.Build.0 = Release|Any CPU
		{DD8FEE02-3169-4192-B7AA-22E59EAE575C}.Release|x86.ActiveCfg = Release|Any CPU
		{DD8FEE02-3169-4192-B7AA-22E59EAE575C}.Release|x86.Build.0 = Release|Any CPU
	EndGlobalSection
	GlobalSection(SolutionProperties) = preSolution
		HideSolutionNode = FALSE
	EndGlobalSection
	GlobalSection(ExtensibilityGlobals) = postSolution
		SolutionGuid = {4599B9E7-557E-42B5-9B90-AAA22DD49E27}
	EndGlobalSection
EndGlobal
